
Microsoft Visual Studio Solution File, Format Version 12.00
# Visual Studio 15
VisualStudioVersion = 15.0.27703.2035
MinimumVisualStudioVersion = 10.0.40219.1
Project("{FAE04EC0-301F-11D3-BF4B-00C04F79EFBC}") = "Framework.Core", "Framework.Core\Framework.Core.csproj", "{37AB4BC8-BEF4-4B52-A3A8-01CA76AF6332}"
EndProject
Global
	GlobalSection(SolutionConfigurationPlatforms) = preSolution
		Debug|Any CPU = Debug|Any CPU
		Release|Any CPU = Release|Any CPU
	EndGlobalSection
	GlobalSection(ProjectConfigurationPlatforms) = postSolution
		{37AB4BC8-BEF4-4B52-A3A8-01CA76AF6332}.Debug|Any CPU.ActiveCfg = Debug|Any CPU
		{37AB4BC8-BEF4-4B52-A3A8-01CA76AF6332}.Debug|Any CPU.Build.0 = Debug|Any CPU
		{37AB4BC8-BEF4-4B52-A3A8-01CA76AF6332}.Release|Any CPU.ActiveCfg = Release|Any CPU
		{37AB4BC8-BEF4-4B52-A3A8-01CA76AF6332}.Release|Any CPU.Build.0 = Release|Any CPU
	EndGlobalSection
	GlobalSection(SolutionProperties) = preSolution
		HideSolutionNode = FALSE
	EndGlobalSection
	GlobalSection(ExtensibilityGlobals) = postSolution
		SolutionGuid = {3499EB01-2812-46F0-8723-F54C07C48901}
	EndGlobalSection
EndGlobal
